
Microsoft Visual Studio Solution File, Format Version 12.00
# Visual Studio Version 17
VisualStudioVersion = 17.2.32630.192
MinimumVisualStudioVersion = 10.0.40219.1
Project("{FAE04EC0-301F-11D3-BF4B-00C04F79EFBC}") = "IFE(6.0)", "IFE(6.0)\IFE(6.0).csproj", "{2E9171A6-DC81-49C1-BF4B-42633020B1D3}"
EndProject
Global
	GlobalSection(SolutionConfigurationPlatforms) = preSolution
		Debug|Any CPU = Debug|Any CPU
		Release|Any CPU = Release|Any CPU
	EndGlobalSection
	GlobalSection(ProjectConfigurationPlatforms) = postSolution
		{2E9171A6-DC81-49C1-BF4B-42633020B1D3}.Debug|Any CPU.ActiveCfg = Debug|Any CPU
		{2E9171A6-DC81-49C1-BF4B-42633020B1D3}.Debug|Any CPU.Build.0 = Debug|Any CPU
		{2E9171A6-DC81-49C1-BF4B-42633020B1D3}.Release|Any CPU.ActiveCfg = Release|Any CPU
		{2E9171A6-DC81-49C1-BF4B-42633020B1D3}.Release|Any CPU.Build.0 = Release|Any CPU
	EndGlobalSection
	GlobalSection(SolutionProperties) = preSolution
		HideSolutionNode = FALSE
	EndGlobalSection
	GlobalSection(ExtensibilityGlobals) = postSolution
		SolutionGuid = {CF6A80E7-358B-4D7D-B147-E3EEC0CE1C63}
	EndGlobalSection
EndGlobal
